
Microsoft Visual Studio Solution File, Format Version 12.00
# Visual Studio Version 16
VisualStudioVersion = 16.0.32802.440
MinimumVisualStudioVersion = 10.0.40219.1
Project("{FAE04EC0-301F-11D3-BF4B-00C04F79EFBC}") = "Nuff's Armory", "Nuff's Armory.csproj", "{365668D8-985D-44E0-B62F-EB7286F464D3}"
EndProject
Global
	GlobalSection(SolutionConfigurationPlatforms) = preSolution
		Debug|Any CPU = Debug|Any CPU
		Release|Any CPU = Release|Any CPU
	EndGlobalSection
	GlobalSection(ProjectConfigurationPlatforms) = postSolution
		{365668D8-985D-44E0-B62F-EB7286F464D3}.Debug|Any CPU.ActiveCfg = Debug|Any CPU
		{365668D8-985D-44E0-B62F-EB7286F464D3}.Debug|Any CPU.Build.0 = Debug|Any CPU
		{365668D8-985D-44E0-B62F-EB7286F464D3}.Release|Any CPU.ActiveCfg = Release|Any CPU
		{365668D8-985D-44E0-B62F-EB7286F464D3}.Release|Any CPU.Build.0 = Release|Any CPU
	EndGlobalSection
	GlobalSection(SolutionProperties) = preSolution
		HideSolutionNode = FALSE
	EndGlobalSection
	GlobalSection(ExtensibilityGlobals) = postSolution
		SolutionGuid = {95826361-07A9-46A7-9990-87E900951CAE}
	EndGlobalSection
EndGlobal
